
Microsoft Visual Studio Solution File, Format Version 12.00
# Visual Studio Version 16
VisualStudioVersion = 16.0.31729.503
MinimumVisualStudioVersion = 10.0.40219.1
Project("{FAE04EC0-301F-11D3-BF4B-00C04F79EFBC}") = "TourDulich", "TourDulich\TourDulich.csproj", "{5B306760-4A87-4806-820F-72261CF70948}"
EndProject
Global
	GlobalSection(SolutionConfigurationPlatforms) = preSolution
		Debug|Any CPU = Debug|Any CPU
		Release|Any CPU = Release|Any CPU
	EndGlobalSection
	GlobalSection(ProjectConfigurationPlatforms) = postSolution
		{5B306760-4A87-4806-820F-72261CF70948}.Debug|Any CPU.ActiveCfg = Debug|Any CPU
		{5B306760-4A87-4806-820F-72261CF70948}.Debug|Any CPU.Build.0 = Debug|Any CPU
		{5B306760-4A87-4806-820F-72261CF70948}.Release|Any CPU.ActiveCfg = Release|Any CPU
		{5B306760-4A87-4806-820F-72261CF70948}.Release|Any CPU.Build.0 = Release|Any CPU
	EndGlobalSection
	GlobalSection(SolutionProperties) = preSolution
		HideSolutionNode = FALSE
	EndGlobalSection
	GlobalSection(ExtensibilityGlobals) = postSolution
		SolutionGuid = {32FD2EB4-85DE-44D8-AA56-581FAE9C3C16}
	EndGlobalSection
EndGlobal
